<?xml version="1.0" encoding="utf-8"?>
<Project ToolsVersion="4.0" xmlns="http://schemas.microsoft.com/developer/msbuild/2003">
  <ItemGroup>
    <Filter Include="Source Files">
      <UniqueIdentifier>{4FC737F1-C7A5-4376-A066-2A32D752A2FF}</UniqueIdentifier>
      <Extensions>cpp;c;cc;cxx;c++;cppm;ixx;def;odl;idl;hpj;bat;asm;asmx</Extensions>
    </Filter>
    <Filter Include="Header Files">
      <UniqueIdentifier>{93995380-89BD-4b04-88EB-625FBE52EBFB}</UniqueIdentifier>
      <Extensions>h;hh;hpp;hxx;h++;hm;inl;inc;ipp;xsd</Extensions>
    </Filter>
    <Filter Include="Resource Files">
      <UniqueIdentifier>{67DA6AB6-F800-4c08-8B7A-83BB121AAD01}</UniqueIdentifier>
      <Extensions>rc;ico;cur;bmp;dlg;rc2;rct;bin;rgs;gif;jpg;jpeg;jpe;resx;tiff;tif;png;wav;mfcribbon-ms</Extensions>
    </Filter>
    <Filter Include="Header Files\debug">
      <UniqueIdentifier>{506245f9-e1d5-471f-8581-6b0fce25fb79}</UniqueIdentifier>
    </Filter>
    <Filter Include="Header Files\engine">
      <UniqueIdentifier>{eef92d36-6c90-4e3b-88a6-3f5f6748d9e0}</UniqueIdentifier>
    </Filter>
    <Filter Include="Header Files\imgui">
      <UniqueIdentifier>{40f1bf14-1ec7-4040-b2c8-40a504939d3b}</UniqueIdentifier>
    </Filter>
    <Filter Include="Header Files\gameObjects">
      <UniqueIdentifier>{084154d7-5174-465a-a2d1-a6d56f277fd8}</UniqueIdentifier>
    </Filter>
    <Filter Include="Header Files\physics">
      <UniqueIdentifier>{3977a0af-b960-469d-893f-0ff192e44e11}</UniqueIdentifier>
    </Filter>
    <Filter Include="Header Files\threads">
      <UniqueIdentifier>{163aab18-aa90-4239-ace9-56edca0c1915}</UniqueIdentifier>
    </Filter>
    <Filter Include="Source Files\debug">
      <UniqueIdentifier>{cda28f52-d296-4004-aa84-207d44ef3c83}</UniqueIdentifier>
    </Filter>
    <Filter Include="Source Files\engine">
      <UniqueIdentifier>{5316da4b-c785-47e7-bf75-8048a97108f2}</UniqueIdentifier>
    </Filter>
    <Filter Include="Source Files\imgui">
      <UniqueIdentifier>{7d2f46f9-5eab-431c-847e-bc47c906bf69}</UniqueIdentifier>
    </Filter>
    <Filter Include="Source Files\gameObjects">
      <UniqueIdentifier>{8c000dc6-74c5-4bae-a0e2-1484ee74a447}</UniqueIdentifier>
    </Filter>
    <Filter Include="Source Files\physics">
      <UniqueIdentifier>{7cd8ef2f-9d8e-4055-9f4b-7fa95c429dd6}</UniqueIdentifier>
    </Filter>
    <Filter Include="Source Files\threads">
      <UniqueIdentifier>{82900e2d-bb2e-40e2-a09a-1d93763b859a}</UniqueIdentifier>
    </Filter>
    <Filter Include="Source Files\shaders">
      <UniqueIdentifier>{35e98495-24d9-4841-9082-b61d641950f0}</UniqueIdentifier>
    </Filter>
  </ItemGroup>
  <ItemGroup>
    <ClInclude Include="src\debug\headers\debug.h">
      <Filter>Header Files\debug</Filter>
    </ClInclude>
    <ClInclude Include="src\engine\headers\bufferManager.h">
      <Filter>Header Files\engine</Filter>
    </ClInclude>
    <ClInclude Include="src\engine\headers\cell.h">
      <Filter>Header Files\engine</Filter>
    </ClInclude>
    <ClInclude Include="src\engine\headers\computePipelineManager.h">
      <Filter>Header Files\engine</Filter>
    </ClInclude>
    <ClInclude Include="src\engine\headers\descriptorManager.h">
      <Filter>Header Files\engine</Filter>
    </ClInclude>
    <ClInclude Include="src\engine\headers\deviceManager.h">
      <Filter>Header Files\engine</Filter>
    </ClInclude>
    <ClInclude Include="src\engine\headers\doubleEndedQueue.h">
      <Filter>Header Files\engine</Filter>
    </ClInclude>
    <ClInclude Include="src\engine\headers\engine.h">
      <Filter>Header Files\engine</Filter>
    </ClInclude>
    <ClInclude Include="src\engine\headers\graphicsPipelineManager.h">
      <Filter>Header Files\engine</Filter>
    </ClInclude>
    <ClInclude Include="src\engine\headers\inputManager.h">
      <Filter>Header Files\engine</Filter>
    </ClInclude>
    <ClInclude Include="src\engine\headers\instanceManager.h">
      <Filter>Header Files\engine</Filter>
    </ClInclude>
    <ClInclude Include="src\engine\headers\latch.h">
      <Filter>Header Files\engine</Filter>
    </ClInclude>
    <ClInclude Include="src\engine\headers\modelManager.h">
      <Filter>Header Files\engine</Filter>
    </ClInclude>
    <ClInclude Include="src\engine\headers\particle.h">
      <Filter>Header Files\engine</Filter>
    </ClInclude>
    <ClInclude Include="src\engine\headers\queueManager.h">
      <Filter>Header Files\engine</Filter>
    </ClInclude>
    <ClInclude Include="src\engine\headers\renderPassManager.h">
      <Filter>Header Files\engine</Filter>
    </ClInclude>
    <ClInclude Include="src\engine\headers\stb_image.h">
      <Filter>Header Files\engine</Filter>
    </ClInclude>
    <ClInclude Include="src\engine\headers\stb_image_write.h">
      <Filter>Header Files\engine</Filter>
    </ClInclude>
    <ClInclude Include="src\engine\headers\swapChainManager.h">
      <Filter>Header Files\engine</Filter>
    </ClInclude>
    <ClInclude Include="src\engine\headers\syncManager.h">
      <Filter>Header Files\engine</Filter>
    </ClInclude>
    <ClInclude Include="src\engine\headers\textureManager.h">
      <Filter>Header Files\engine</Filter>
    </ClInclude>
    <ClInclude Include="src\engine\headers\tiny_obj_loader.h">
      <Filter>Header Files\engine</Filter>
    </ClInclude>
    <ClInclude Include="src\engine\headers\vertex.h">
      <Filter>Header Files\engine</Filter>
    </ClInclude>
    <ClInclude Include="src\objects\headers\camera.h">
      <Filter>Header Files\gameObjects</Filter>
    </ClInclude>
    <ClInclude Include="src\objects\headers\gameObject.h">
      <Filter>Header Files\gameObjects</Filter>
    </ClInclude>
    <ClInclude Include="src\objects\headers\instanceInfo.h">
      <Filter>Header Files\gameObjects</Filter>
    </ClInclude>
    <ClInclude Include="src\objects\headers\mesh.h">
      <Filter>Header Files\gameObjects</Filter>
    </ClInclude>
    <ClInclude Include="src\objects\headers\transform.h">
      <Filter>Header Files\gameObjects</Filter>
    </ClInclude>
    <ClInclude Include="src\imgui\imconfig.h">
      <Filter>Header Files\imgui</Filter>
    </ClInclude>
    <ClInclude Include="src\imgui\imgui.h">
      <Filter>Header Files\imgui</Filter>
    </ClInclude>
    <ClInclude Include="src\imgui\imgui_impl_glfw.h">
      <Filter>Header Files\imgui</Filter>
    </ClInclude>
    <ClInclude Include="src\imgui\imgui_impl_vulkan.h">
      <Filter>Header Files\imgui</Filter>
    </ClInclude>
    <ClInclude Include="src\imgui\imgui_internal.h">
      <Filter>Header Files\imgui</Filter>
    </ClInclude>
    <ClInclude Include="src\imgui\imgui_stdlib.h">
      <Filter>Header Files\imgui</Filter>
    </ClInclude>
    <ClInclude Include="src\imgui\imstb_rectpack.h">
      <Filter>Header Files\imgui</Filter>
    </ClInclude>
    <ClInclude Include="src\imgui\imstb_textedit.h">
      <Filter>Header Files\imgui</Filter>
    </ClInclude>
    <ClInclude Include="src\imgui\imstb_truetype.h">
      <Filter>Header Files\imgui</Filter>
    </ClInclude>
    <ClInclude Include="src\imgui\windowManager.h">
      <Filter>Header Files\imgui</Filter>
    </ClInclude>
    <ClInclude Include="src\physics\headers\collision.h">
      <Filter>Header Files\physics</Filter>
    </ClInclude>
    <ClInclude Include="src\threads\headers\bufferOperations.h">
      <Filter>Header Files\threads</Filter>
    </ClInclude>
    <ClInclude Include="src\threads\headers\descriptorOperations.h">
      <Filter>Header Files\threads</Filter>
    </ClInclude>
    <ClInclude Include="src\threads\headers\gameObjectOperations.h">
      <Filter>Header Files\threads</Filter>
    </ClInclude>
    <ClInclude Include="src\threads\headers\job.h">
      <Filter>Header Files\threads</Filter>
    </ClInclude>
    <ClInclude Include="src\threads\headers\modelOperations.h">
      <Filter>Header Files\threads</Filter>
    </ClInclude>
    <ClInclude Include="src\threads\headers\threadSafeNumber.h">
      <Filter>Header Files\threads</Filter>
    </ClInclude>
    <ClInclude Include="src\threads\headers\workerThread.h">
      <Filter>Header Files\threads</Filter>
    </ClInclude>
    <ClInclude Include="src\objects\headers\mapFloor.h">
      <Filter>Header Files\gameObjects</Filter>
    </ClInclude>
    <ClInclude Include="src\physics\headers\light.h">
      <Filter>Header Files\physics</Filter>
    </ClInclude>
  </ItemGroup>
  <ItemGroup>
    <ClCompile Include="src\debug\cpps\debug.cpp">
      <Filter>Source Files\debug</Filter>
    </ClCompile>
    <ClCompile Include="src\engine\cpps\bufferManager.cpp">
      <Filter>Source Files\engine</Filter>
    </ClCompile>
    <ClCompile Include="src\engine\cpps\cell.cpp">
      <Filter>Source Files\engine</Filter>
    </ClCompile>
    <ClCompile Include="src\engine\cpps\computePipelineManager.cpp">
      <Filter>Source Files\engine</Filter>
    </ClCompile>
    <ClCompile Include="src\engine\cpps\descriptorManager.cpp">
      <Filter>Source Files\engine</Filter>
    </ClCompile>
    <ClCompile Include="src\engine\cpps\deviceManager.cpp">
      <Filter>Source Files\engine</Filter>
    </ClCompile>
    <ClCompile Include="src\engine\cpps\engine.cpp">
      <Filter>Source Files\engine</Filter>
    </ClCompile>
    <ClCompile Include="src\engine\cpps\graphicsPipeline.cpp">
      <Filter>Source Files\engine</Filter>
    </ClCompile>
    <ClCompile Include="src\engine\cpps\inputManager.cpp">
      <Filter>Source Files\engine</Filter>
    </ClCompile>
    <ClCompile Include="src\engine\cpps\instanceManager.cpp">
      <Filter>Source Files\engine</Filter>
    </ClCompile>
    <ClCompile Include="src\engine\cpps\latch.cpp">
      <Filter>Source Files\engine</Filter>
    </ClCompile>
    <ClCompile Include="src\engine\cpps\modelManager.cpp">
      <Filter>Source Files\engine</Filter>
    </ClCompile>
    <ClCompile Include="src\engine\cpps\particle.cpp">
      <Filter>Source Files\engine</Filter>
    </ClCompile>
    <ClCompile Include="src\engine\cpps\queueManager.cpp">
      <Filter>Source Files\engine</Filter>
    </ClCompile>
    <ClCompile Include="src\engine\cpps\renderPassManager.cpp">
      <Filter>Source Files\engine</Filter>
    </ClCompile>
    <ClCompile Include="src\engine\cpps\stb_image.cpp">
      <Filter>Source Files\engine</Filter>
    </ClCompile>
    <ClCompile Include="src\engine\cpps\swapChainManager.cpp">
      <Filter>Source Files\engine</Filter>
    </ClCompile>
    <ClCompile Include="src\engine\cpps\syncManager.cpp">
      <Filter>Source Files\engine</Filter>
    </ClCompile>
    <ClCompile Include="src\engine\cpps\textureManager.cpp">
      <Filter>Source Files\engine</Filter>
    </ClCompile>
    <ClCompile Include="src\engine\cpps\vertex.cpp">
      <Filter>Source Files\engine</Filter>
    </ClCompile>
    <ClCompile Include="src\objects\cpps\camera.cpp">
      <Filter>Source Files\gameObjects</Filter>
    </ClCompile>
    <ClCompile Include="src\objects\cpps\gameObject.cpp">
      <Filter>Source Files\gameObjects</Filter>
    </ClCompile>
    <ClCompile Include="src\objects\cpps\instanceInfo.cpp">
      <Filter>Source Files\gameObjects</Filter>
    </ClCompile>
    <ClCompile Include="src\objects\cpps\mesh.cpp">
      <Filter>Source Files\gameObjects</Filter>
    </ClCompile>
    <ClCompile Include="src\objects\cpps\transform.cpp">
      <Filter>Source Files\gameObjects</Filter>
    </ClCompile>
    <ClCompile Include="src\imgui\imgui.cpp">
      <Filter>Source Files\imgui</Filter>
    </ClCompile>
    <ClCompile Include="src\imgui\imgui_demo.cpp">
      <Filter>Source Files\imgui</Filter>
    </ClCompile>
    <ClCompile Include="src\imgui\imgui_draw.cpp">
      <Filter>Source Files\imgui</Filter>
    </ClCompile>
    <ClCompile Include="src\imgui\imgui_impl_glfw.cpp">
      <Filter>Source Files\imgui</Filter>
    </ClCompile>
    <ClCompile Include="src\imgui\imgui_impl_vulkan.cpp">
      <Filter>Source Files\imgui</Filter>
    </ClCompile>
    <ClCompile Include="src\imgui\imgui_stdlib.cpp">
      <Filter>Source Files\imgui</Filter>
    </ClCompile>
    <ClCompile Include="src\imgui\imgui_tables.cpp">
      <Filter>Source Files\imgui</Filter>
    </ClCompile>
    <ClCompile Include="src\imgui\imgui_widgets.cpp">
      <Filter>Source Files\imgui</Filter>
    </ClCompile>
    <ClCompile Include="src\imgui\windowManager.cpp">
      <Filter>Source Files\imgui</Filter>
    </ClCompile>
    <ClCompile Include="src\physics\cpps\collision.cpp">
      <Filter>Source Files\physics</Filter>
    </ClCompile>
    <ClCompile Include="src\threads\cpps\bufferOperations.cpp">
      <Filter>Source Files\threads</Filter>
    </ClCompile>
    <ClCompile Include="src\threads\cpps\descriptorOperations.cpp">
      <Filter>Source Files\threads</Filter>
    </ClCompile>
    <ClCompile Include="src\threads\cpps\gameObjectOperations.cpp">
      <Filter>Source Files\threads</Filter>
    </ClCompile>
    <ClCompile Include="src\threads\cpps\job.cpp">
      <Filter>Source Files\threads</Filter>
    </ClCompile>
    <ClCompile Include="src\threads\cpps\modelOperations.cpp">
      <Filter>Source Files\threads</Filter>
    </ClCompile>
    <ClCompile Include="src\threads\cpps\threadSafeNumber.cpp">
      <Filter>Source Files\threads</Filter>
    </ClCompile>
    <ClCompile Include="src\threads\cpps\workerThread.cpp">
      <Filter>Source Files\threads</Filter>
    </ClCompile>
    <ClCompile Include="src\main.cpp">
      <Filter>Source Files</Filter>
    </ClCompile>
    <ClCompile Include="src\objects\cpps\mapFloor.cpp">
      <Filter>Source Files\gameObjects</Filter>
    </ClCompile>
    <ClCompile Include="src\physics\cpps\light.cpp">
      <Filter>Source Files\physics</Filter>
    </ClCompile>
  </ItemGroup>
  <ItemGroup>
    <None Include="shaders\debug.frag">
      <Filter>Source Files\shaders</Filter>
    </None>
    <None Include="shaders\debug.vert">
      <Filter>Source Files\shaders</Filter>
    </None>
    <None Include="shaders\graphics.frag">
      <Filter>Source Files\shaders</Filter>
    </None>
    <None Include="shaders\graphics.vert">
      <Filter>Source Files\shaders</Filter>
    </None>
    <None Include="shaders\lighting.frag">
      <Filter>Source Files\shaders</Filter>
    </None>
    <None Include="shaders\lighting.vert">
      <Filter>Source Files\shaders</Filter>
    </None>
    <None Include="shaders\particleGraphics.frag">
      <Filter>Source Files\shaders</Filter>
    </None>
    <None Include="shaders\particleGraphics.vert">
      <Filter>Source Files\shaders</Filter>
    </None>
    <None Include="shaders\particles.comp">
      <Filter>Source Files\shaders</Filter>
    </None>
    <None Include="shaders\pregraphics.frag">
      <Filter>Source Files\shaders</Filter>
    </None>
    <None Include="shaders\pregraphics.vert">
      <Filter>Source Files\shaders</Filter>
    </None>
  </ItemGroup>
</Project>